
Microsoft Visual Studio Solution File, Format Version 12.00
# Visual Studio Version 17
VisualStudioVersion = 17.7.34221.43
MinimumVisualStudioVersion = 10.0.40219.1
Project("{FAE04EC0-301F-11D3-BF4B-00C04F79EFBC}") = "ThePaintingLoverApplication", "ThePaintingLoverApplication\ThePaintingLoverApplication.csproj", "{AFA7B43A-971A-43E4-87F7-D0EE5F544089}"
EndProject
Global
	GlobalSection(SolutionConfigurationPlatforms) = preSolution
		Debug|Any CPU = Debug|Any CPU
		Release|Any CPU = Release|Any CPU
	EndGlobalSection
	GlobalSection(ProjectConfigurationPlatforms) = postSolution
		{AFA7B43A-971A-43E4-87F7-D0EE5F544089}.Debug|Any CPU.ActiveCfg = Debug|Any CPU
		{AFA7B43A-971A-43E4-87F7-D0EE5F544089}.Debug|Any CPU.Build.0 = Debug|Any CPU
		{AFA7B43A-971A-43E4-87F7-D0EE5F544089}.Release|Any CPU.ActiveCfg = Release|Any CPU
		{AFA7B43A-971A-43E4-87F7-D0EE5F544089}.Release|Any CPU.Build.0 = Release|Any CPU
	EndGlobalSection
	GlobalSection(SolutionProperties) = preSolution
		HideSolutionNode = FALSE
	EndGlobalSection
	GlobalSection(ExtensibilityGlobals) = postSolution
		SolutionGuid = {28F8FA7A-0999-4B07-8846-8E08E4EBB111}
	EndGlobalSection
EndGlobal
